
Microsoft Visual Studio Solution File, Format Version 12.00
# Visual Studio Version 16
VisualStudioVersion = 16.0.30717.126
MinimumVisualStudioVersion = 10.0.40219.1
Project("{FAE04EC0-301F-11D3-BF4B-00C04F79EFBC}") = "пример для git", "пример для git\пример для git.csproj", "{194FE9D0-D455-44C7-A308-B31DD2B65E6B}"
EndProject
Global
	GlobalSection(SolutionConfigurationPlatforms) = preSolution
		Debug|Any CPU = Debug|Any CPU
		Release|Any CPU = Release|Any CPU
	EndGlobalSection
	GlobalSection(ProjectConfigurationPlatforms) = postSolution
		{194FE9D0-D455-44C7-A308-B31DD2B65E6B}.Debug|Any CPU.ActiveCfg = Debug|Any CPU
		{194FE9D0-D455-44C7-A308-B31DD2B65E6B}.Debug|Any CPU.Build.0 = Debug|Any CPU
		{194FE9D0-D455-44C7-A308-B31DD2B65E6B}.Release|Any CPU.ActiveCfg = Release|Any CPU
		{194FE9D0-D455-44C7-A308-B31DD2B65E6B}.Release|Any CPU.Build.0 = Release|Any CPU
	EndGlobalSection
	GlobalSection(SolutionProperties) = preSolution
		HideSolutionNode = FALSE
	EndGlobalSection
	GlobalSection(ExtensibilityGlobals) = postSolution
		SolutionGuid = {2175FF66-2927-448B-8D5F-1C1C9AB7457E}
	EndGlobalSection
EndGlobal
